// !$*UTF8*$!
{
	archiveVersion = 1;
	classes = {
	};
	objectVersion = 46;
	objects = {

/* Begin PBXBuildFile section */
		87C11B621BC985C700B9A545 /* main.m in Sources */ = {isa = PBXBuildFile; fileRef = 87C11B611BC985C700B9A545 /* main.m */; };
		87C11B651BC985C700B9A545 /* AppDelegate.m in Sources */ = {isa = PBXBuildFile; fileRef = 87C11B641BC985C700B9A545 /* AppDelegate.m */; };
		87C11B681BC985C700B9A545 /* ViewController.m in Sources */ = {isa = PBXBuildFile; fileRef = 87C11B671BC985C700B9A545 /* ViewController.m */; };
		87C11B6B1BC985C700B9A545 /* Main.storyboard in Resources */ = {isa = PBXBuildFile; fileRef = 87C11B691BC985C700B9A545 /* Main.storyboard */; };
		87C11B6E1BC985C700B9A545 /* MotionEyes.xcdatamodeld in Sources */ = {isa = PBXBuildFile; fileRef = 87C11B6C1BC985C700B9A545 /* MotionEyes.xcdatamodeld */; };
		87C11B701BC985C700B9A545 /* Assets.xcassets in Resources */ = {isa = PBXBuildFile; fileRef = 87C11B6F1BC985C700B9A545 /* Assets.xcassets */; };
		87C11B731BC985C700B9A545 /* LaunchScreen.storyboard in Resources */ = {isa = PBXBuildFile; fileRef = 87C11B711BC985C700B9A545 /* LaunchScreen.storyboard */; };
		87C11B7E1BC985C700B9A545 /* MotionEyesTests.m in Sources */ = {isa = PBXBuildFile; fileRef = 87C11B7D1BC985C700B9A545 /* MotionEyesTests.m */; };
		87C11B891BC985C700B9A545 /* MotionEyesUITests.m in Sources */ = {isa = PBXBuildFile; fileRef = 87C11B881BC985C700B9A545 /* MotionEyesUITests.m */; };
/* End PBXBuildFile section */

/* Begin PBXContainerItemProxy section */
		87C11B7A1BC985C700B9A545 /* PBXContainerItemProxy */ = {
			isa = PBXContainerItemProxy;
			containerPortal = 87C11B551BC985C600B9A545 /* Project object */;
			proxyType = 1;
			remoteGlobalIDString = 87C11B5C1BC985C700B9A545;
			remoteInfo = MotionEyes;
		};
		87C11B851BC985C700B9A545 /* PBXContainerItemProxy */ = {
			isa = PBXContainerItemProxy;
			containerPortal = 87C11B551BC985C600B9A545 /* Project object */;
			proxyType = 1;
			remoteGlobalIDString = 87C11B5C1BC985C700B9A545;
			remoteInfo = MotionEyes;
		};
/* End PBXContainerItemProxy section */

/* Begin PBXFileReference section */
		87C11B5D1BC985C700B9A545 /* MotionEyes.app */ = {isa = PBXFileReference; explicitFileType = wrapper.application; includeInIndex = 0; path = MotionEyes.app; sourceTree = BUILT_PRODUCTS_DIR; };
		87C11B611BC985C700B9A545 /* main.m */ = {isa = PBXFileReference; lastKnownFileType = sourcecode.c.objc; path = main.m; sourceTree = "<group>"; };
		87C11B631BC985C700B9A545 /* AppDelegate.h */ = {isa = PBXFileReference; lastKnownFileType = sourcecode.c.h; path = AppDelegate.h; sourceTree = "<group>"; };
		87C11B641BC985C700B9A545 /* AppDelegate.m */ = {isa = PBXFileReference; lastKnownFileType = sourcecode.c.objc; path = AppDelegate.m; sourceTree = "<group>"; };
		87C11B661BC985C700B9A545 /* ViewController.h */ = {isa = PBXFileReference; lastKnownFileType = sourcecode.c.h; path = ViewController.h; sourceTree = "<group>"; };
		87C11B671BC985C700B9A545 /* ViewController.m */ = {isa = PBXFileReference; lastKnownFileType = sourcecode.c.objc; path = ViewController.m; sourceTree = "<group>"; };
		87C11B6A1BC985C700B9A545 /* Base */ = {isa = PBXFileReference; lastKnownFileType = file.storyboard; name = Base; path = Base.lproj/Main.storyboard; sourceTree = "<group>"; };
		87C11B6D1BC985C700B9A545 /* MotionEyes.xcdatamodel */ = {isa = PBXFileReference; lastKnownFileType = wrapper.xcdatamodel; path = MotionEyes.xcdatamodel; sourceTree = "<group>"; };
		87C11B6F1BC985C700B9A545 /* Assets.xcassets */ = {isa = PBXFileReference; lastKnownFileType = folder.assetcatalog; path = Assets.xcassets; sourceTree = "<group>"; };
		87C11B721BC985C700B9A545 /* Base */ = {isa = PBXFileReference; lastKnownFileType = file.storyboard; name = Base; path = Base.lproj/LaunchScreen.storyboard; sourceTree = "<group>"; };
		87C11B741BC985C700B9A545 /* Info.plist */ = {isa = PBXFileReference; lastKnownFileType = text.plist.xml; path = Info.plist; sourceTree = "<group>"; };
		87C11B791BC985C700B9A545 /* MotionEyesTests.xctest */ = {isa = PBXFileReference; explicitFileType = wrapper.cfbundle; includeInIndex = 0; path = MotionEyesTests.xctest; sourceTree = BUILT_PRODUCTS_DIR; };
		87C11B7D1BC985C700B9A545 /* MotionEyesTests.m */ = {isa = PBXFileReference; lastKnownFileType = sourcecode.c.objc; path = MotionEyesTests.m; sourceTree = "<group>"; };
		87C11B7F1BC985C700B9A545 /* Info.plist */ = {isa = PBXFileReference; lastKnownFileType = text.plist.xml; path = Info.plist; sourceTree = "<group>"; };
		87C11B841BC985C700B9A545 /* MotionEyesUITests.xctest */ = {isa = PBXFileReference; explicitFileType = wrapper.cfbundle; includeInIndex = 0; path = MotionEyesUITests.xctest; sourceTree = BUILT_PRODUCTS_DIR; };
		87C11B881BC985C700B9A545 /* MotionEyesUITests.m */ = {isa = PBXFileReference; lastKnownFileType = sourcecode.c.objc; path = MotionEyesUITests.m; sourceTree = "<group>"; };
		87C11B8A1BC985C700B9A545 /* Info.plist */ = {isa = PBXFileReference; lastKnownFileType = text.plist.xml; path = Info.plist; sourceTree = "<group>"; };
/* End PBXFileReference section */

/* Begin PBXFrameworksBuildPhase section */
		87C11B5A1BC985C700B9A545 /* Frameworks */ = {
			isa = PBXFrameworksBuildPhase;
			buildActionMask = 2147483647;
			files = (
			);
			runOnlyForDeploymentPostprocessing = 0;
		};
		87C11B761BC985C700B9A545 /* Frameworks */ = {
			isa = PBXFrameworksBuildPhase;
			buildActionMask = 2147483647;
			files = (
			);
			runOnlyForDeploymentPostprocessing = 0;
		};
		87C11B811BC985C700B9A545 /* Frameworks */ = {
			isa = PBXFrameworksBuildPhase;
			buildActionMask = 2147483647;
			files = (
			);
			runOnlyForDeploymentPostprocessing = 0;
		};
/* End PBXFrameworksBuildPhase section */

/* Begin PBXGroup section */
		87C11B541BC985C600B9A545 = {
			isa = PBXGroup;
			children = (
				87C11B5F1BC985C700B9A545 /* MotionEyes */,
				87C11B7C1BC985C700B9A545 /* MotionEyesTests */,
				87C11B871BC985C700B9A545 /* MotionEyesUITests */,
				87C11B5E1BC985C700B9A545 /* Products */,
			);
			sourceTree = "<group>";
		};
		87C11B5E1BC985C700B9A545 /* Products */ = {
			isa = PBXGroup;
			children = (
				87C11B5D1BC985C700B9A545 /* MotionEyes.app */,
				87C11B791BC985C700B9A545 /* MotionEyesTests.xctest */,
				87C11B841BC985C700B9A545 /* MotionEyesUITests.xctest */,
			);
			name = Products;
			sourceTree = "<group>";
		};
		87C11B5F1BC985C700B9A545 /* MotionEyes */ = {
			isa = PBXGroup;
			children = (
				87C11B631BC985C700B9A545 /* AppDelegate.h */,
				87C11B641BC985C700B9A545 /* AppDelegate.m */,
				87C11B661BC985C700B9A545 /* ViewController.h */,
				87C11B671BC985C700B9A545 /* ViewController.m */,
				87C11B691BC985C700B9A545 /* Main.storyboard */,
				87C11B6F1BC985C700B9A545 /* Assets.xcassets */,
				87C11B711BC985C700B9A545 /* LaunchScreen.storyboard */,
				87C11B741BC985C700B9A545 /* Info.plist */,
				87C11B6C1BC985C700B9A545 /* MotionEyes.xcdatamodeld */,
				87C11B601BC985C700B9A545 /* Supporting Files */,
			);
			path = MotionEyes;
			sourceTree = "<group>";
		};
		87C11B601BC985C700B9A545 /* Supporting Files */ = {
			isa = PBXGroup;
			children = (
				87C11B611BC985C700B9A545 /* main.m */,
			);
			name = "Supporting Files";
			sourceTree = "<group>";
		};
		87C11B7C1BC985C700B9A545 /* MotionEyesTests */ = {
			isa = PBXGroup;
			children = (
				87C11B7D1BC985C700B9A545 /* MotionEyesTests.m */,
				87C11B7F1BC985C700B9A545 /* Info.plist */,
			);
			path = MotionEyesTests;
			sourceTree = "<group>";
		};
		87C11B871BC985C700B9A545 /* MotionEyesUITests */ = {
			isa = PBXGroup;
			children = (
				87C11B881BC985C700B9A545 /* MotionEyesUITests.m */,
				87C11B8A1BC985C700B9A545 /* Info.plist */,
			);
			path = MotionEyesUITests;
			sourceTree = "<group>";
		};
/* End PBXGroup section */

/* Begin PBXNativeTarget section */
		87C11B5C1BC985C700B9A545 /* MotionEyes */ = {
			isa = PBXNativeTarget;
			buildConfigurationList = 87C11B8D1BC985C700B9A545 /* Build configuration list for PBXNativeTarget "MotionEyes" */;
			buildPhases = (
				87C11B591BC985C700B9A545 /* Sources */,
				87C11B5A1BC985C700B9A545 /* Frameworks */,
				87C11B5B1BC985C700B9A545 /* Resources */,
			);
			buildRules = (
			);
			dependencies = (
			);
			name = MotionEyes;
			productName = MotionEyes;
			productReference = 87C11B5D1BC985C700B9A545 /* MotionEyes.app */;
			productType = "com.apple.product-type.application";
		};
		87C11B781BC985C700B9A545 /* MotionEyesTests */ = {
			isa = PBXNativeTarget;
			buildConfigurationList = 87C11B901BC985C700B9A545 /* Build configuration list for PBXNativeTarget "MotionEyesTests" */;
			buildPhases = (
				87C11B751BC985C700B9A545 /* Sources */,
				87C11B761BC985C700B9A545 /* Frameworks */,
				87C11B771BC985C700B9A545 /* Resources */,
			);
			buildRules = (
			);
			dependencies = (
				87C11B7B1BC985C700B9A545 /* PBXTargetDependency */,
			);
			name = MotionEyesTests;
			productName = MotionEyesTests;
			productReference = 87C11B791BC985C700B9A545 /* MotionEyesTests.xctest */;
			productType = "com.apple.product-type.bundle.unit-test";
		};
		87C11B831BC985C700B9A545 /* MotionEyesUITests */ = {
			isa = PBXNativeTarget;
			buildConfigurationList = 87C11B931BC985C700B9A545 /* Build configuration list for PBXNativeTarget "MotionEyesUITests" */;
			buildPhases = (
				87C11B801BC985C700B9A545 /* Sources */,
				87C11B811BC985C700B9A545 /* Frameworks */,
				87C11B821BC985C700B9A545 /* Resources */,
			);
			buildRules = (
			);
			dependencies = (
				87C11B861BC985C700B9A545 /* PBXTargetDependency */,
			);
			name = MotionEyesUITests;
			productName = MotionEyesUITests;
			productReference = 87C11B841BC985C700B9A545 /* MotionEyesUITests.xctest */;
			productType = "com.apple.product-type.bundle.ui-testing";
		};
/* End PBXNativeTarget section */

/* Begin PBXProject section */
		87C11B551BC985C600B9A545 /* Project object */ = {
			isa = PBXProject;
			attributes = {
				LastUpgradeCheck = 0700;
				ORGANIZATIONNAME = Quickmobile;
				TargetAttributes = {
					87C11B5C1BC985C700B9A545 = {
						CreatedOnToolsVersion = 7.0.1;
					};
					87C11B781BC985C700B9A545 = {
						CreatedOnToolsVersion = 7.0.1;
						TestTargetID = 87C11B5C1BC985C700B9A545;
					};
					87C11B831BC985C700B9A545 = {
						CreatedOnToolsVersion = 7.0.1;
						TestTargetID = 87C11B5C1BC985C700B9A545;
					};
				};
			};
			buildConfigurationList = 87C11B581BC985C600B9A545 /* Build configuration list for PBXProject "MotionEyes" */;
			compatibilityVersion = "Xcode 3.2";
			developmentRegion = English;
			hasScannedForEncodings = 0;
			knownRegions = (
				en,
				Base,
			);
			mainGroup = 87C11B541BC985C600B9A545;
			productRefGroup = 87C11B5E1BC985C700B9A545 /* Products */;
			projectDirPath = "";
			projectRoot = "";
			targets = (
				87C11B5C1BC985C700B9A545 /* MotionEyes */,
				87C11B781BC985C700B9A545 /* MotionEyesTests */,
				87C11B831BC985C700B9A545 /* MotionEyesUITests */,
			);
		};
/* End PBXProject section */

/* Begin PBXResourcesBuildPhase section */
		87C11B5B1BC985C700B9A545 /* Resources */ = {
			isa = PBXResourcesBuildPhase;
			buildActionMask = 2147483647;
			files = (
				87C11B731BC985C700B9A545 /* LaunchScreen.storyboard in Resources */,
				87C11B701BC985C700B9A545 /* Assets.xcassets in Resources */,
				87C11B6B1BC985C700B9A545 /* Main.storyboard in Resources */,
			);
			runOnlyForDeploymentPostprocessing = 0;
		};
		87C11B771BC985C700B9A545 /* Resources */ = {
			isa = PBXResourcesBuildPhase;
			buildActionMask = 2147483647;
			files = (
			);
			runOnlyForDeploymentPostprocessing = 0;
		};
		87C11B821BC985C700B9A545 /* Resources */ = {
			isa = PBXResourcesBuildPhase;
			buildActionMask = 2147483647;
			files = (
			);
			runOnlyForDeploymentPostprocessing = 0;
		};
/* End PBXResourcesBuildPhase section */

/* Begin PBXSourcesBuildPhase section */
		87C11B591BC985C700B9A545 /* Sources */ = {
			isa = PBXSourcesBuildPhase;
			buildActionMask = 2147483647;
			files = (
				87C11B681BC985C700B9A545 /* ViewController.m in Sources */,
				87C11B651BC985C700B9A545 /* AppDelegate.m in Sources */,
				87C11B621BC985C700B9A545 /* main.m in Sources */,
				87C11B6E1BC985C700B9A545 /* MotionEyes.xcdatamodeld in Sources */,
			);
			runOnlyForDeploymentPostprocessing = 0;
		};
		87C11B751BC985C700B9A545 /* Sources */ = {
			isa = PBXSourcesBuildPhase;
			buildActionMask = 2147483647;
			files = (
				87C11B7E1BC985C700B9A545 /* MotionEyesTests.m in Sources */,
			);
			runOnlyForDeploymentPostprocessing = 0;
		};
		87C11B801BC985C700B9A545 /* Sources */ = {
			isa = PBXSourcesBuildPhase;
			buildActionMask = 2147483647;
			files = (
				87C11B891BC985C700B9A545 /* MotionEyesUITests.m in Sources */,
			);
			runOnlyForDeploymentPostprocessing = 0;
		};
/* End PBXSourcesBuildPhase section */

/* Begin PBXTargetDependency section */
		87C11B7B1BC985C700B9A545 /* PBXTargetDependency */ = {
			isa = PBXTargetDependency;
			target = 87C11B5C1BC985C700B9A545 /* MotionEyes */;
			targetProxy = 87C11B7A1BC985C700B9A545 /* PBXContainerItemProxy */;
		};
		87C11B861BC985C700B9A545 /* PBXTargetDependency */ = {
			isa = PBXTargetDependency;
			target = 87C11B5C1BC985C700B9A545 /* MotionEyes */;
			targetProxy = 87C11B851BC985C700B9A545 /* PBXContainerItemProxy */;
		};
/* End PBXTargetDependency section */

/* Begin PBXVariantGroup section */
		87C11B691BC985C700B9A545 /* Main.storyboard */ = {
			isa = PBXVariantGroup;
			children = (
				87C11B6A1BC985C700B9A545 /* Base */,
			);
			name = Main.storyboard;
			sourceTree = "<group>";
		};
		87C11B711BC985C700B9A545 /* LaunchScreen.storyboard */ = {
			isa = PBXVariantGroup;
			children = (
				87C11B721BC985C700B9A545 /* Base */,
			);
			name = LaunchScreen.storyboard;
			sourceTree = "<group>";
		};
/* End PBXVariantGroup section */

/* Begin XCBuildConfiguration section */
		87C11B8B1BC985C700B9A545 /* Debug */ = {
			isa = XCBuildConfiguration;
			buildSettings = {
				ALWAYS_SEARCH_USER_PATHS = NO;
				CLANG_CXX_LANGUAGE_STANDARD = "gnu++0x";
				CLANG_CXX_LIBRARY = "libc++";
				CLANG_ENABLE_MODULES = YES;
				CLANG_ENABLE_OBJC_ARC = YES;
				CLANG_WARN_BOOL_CONVERSION = YES;
				CLANG_WARN_CONSTANT_CONVERSION = YES;
				CLANG_WARN_DIRECT_OBJC_ISA_USAGE = YES_ERROR;
				CLANG_WARN_EMPTY_BODY = YES;
				CLANG_WARN_ENUM_CONVERSION = YES;
				CLANG_WARN_INT_CONVERSION = YES;
				CLANG_WARN_OBJC_ROOT_CLASS = YES_ERROR;
				CLANG_WARN_UNREACHABLE_CODE = YES;
				CLANG_WARN__DUPLICATE_METHOD_MATCH = YES;
				"CODE_SIGN_IDENTITY[sdk=iphoneos*]" = "iPhone Developer";
				COPY_PHASE_STRIP = NO;
				DEBUG_INFORMATION_FORMAT = dwarf;
				ENABLE_STRICT_OBJC_MSGSEND = YES;
				ENABLE_TESTABILITY = YES;
				GCC_C_LANGUAGE_STANDARD = gnu99;
				GCC_DYNAMIC_NO_PIC = NO;
				GCC_NO_COMMON_BLOCKS = YES;
				GCC_OPTIMIZATION_LEVEL = 0;
				GCC_PREPROCESSOR_DEFINITIONS = (
					"DEBUG=1",
					"$(inherited)",
				);
				GCC_WARN_64_TO_32_BIT_CONVERSION = YES;
				GCC_WARN_ABOUT_RETURN_TYPE = YES_ERROR;
				GCC_WARN_UNDECLARED_SELECTOR = YES;
				GCC_WARN_UNINITIALIZED_AUTOS = YES_AGGRESSIVE;
				GCC_WARN_UNUSED_FUNCTION = YES;
				GCC_WARN_UNUSED_VARIABLE = YES;
				IPHONEOS_DEPLOYMENT_TARGET = 9.0;
				MTL_ENABLE_DEBUG_INFO = YES;
				ONLY_ACTIVE_ARCH = YES;
				SDKROOT = iphoneos;
			};
			name = Debug;
		};
		87C11B8C1BC985C700B9A545 /* Release */ = {
			isa = XCBuildConfiguration;
			buildSettings = {
				ALWAYS_SEARCH_USER_PATHS = NO;
				CLANG_CXX_LANGUAGE_STANDARD = "gnu++0x";
				CLANG_CXX_LIBRARY = "libc++";
				CLANG_ENABLE_MODULES = YES;
				CLANG_ENABLE_OBJC_ARC = YES;
				CLANG_WARN_BOOL_CONVERSION = YES;
				CLANG_WARN_CONSTANT_CONVERSION = YES;
				CLANG_WARN_DIRECT_OBJC_ISA_USAGE = YES_ERROR;
				CLANG_WARN_EMPTY_BODY = YES;
				CLANG_WARN_ENUM_CONVERSION = YES;
				CLANG_WARN_INT_CONVERSION = YES;
				CLANG_WARN_OBJC_ROOT_CLASS = YES_ERROR;
				CLANG_WARN_UNREACHABLE_CODE = YES;
				CLANG_WARN__DUPLICATE_METHOD_MATCH = YES;
				"CODE_SIGN_IDENTITY[sdk=iphoneos*]" = "iPhone Developer";
				COPY_PHASE_STRIP = NO;
				DEBUG_INFORMATION_FORMAT = "dwarf-with-dsym";
				ENABLE_NS_ASSERTIONS = NO;
				ENABLE_STRICT_OBJC_MSGSEND = YES;
				GCC_C_LANGUAGE_STANDARD = gnu99;
				GCC_NO_COMMON_BLOCKS = YES;
				GCC_WARN_64_TO_32_BIT_CONVERSION = YES;
				GCC_WARN_ABOUT_RETURN_TYPE = YES_ERROR;
				GCC_WARN_UNDECLARED_SELECTOR = YES;
				GCC_WARN_UNINITIALIZED_AUTOS = YES_AGGRESSIVE;
				GCC_WARN_UNUSED_FUNCTION = YES;
				GCC_WARN_UNUSED_VARIABLE = YES;
				IPHONEOS_DEPLOYMENT_TARGET = 9.0;
				MTL_ENABLE_DEBUG_INFO = NO;
				SDKROOT = iphoneos;
				VALIDATE_PRODUCT = YES;
			};
			name = Release;
		};
		87C11B8E1BC985C700B9A545 /* Debug */ = {
			isa = XCBuildConfiguration;
			buildSettings = {
				ASSETCATALOG_COMPILER_APPICON_NAME = AppIcon;
				INFOPLIST_FILE = MotionEyes/Info.plist;
				LD_RUNPATH_SEARCH_PATHS = "$(inherited) @executable_path/Frameworks";
				PRODUCT_BUNDLE_IDENTIFIER = com.quickmobile.MotionEyes;
				PRODUCT_NAME = "$(TARGET_NAME)";
			};
			name = Debug;
		};
		87C11B8F1BC985C700B9A545 /* Release */ = {
			isa = XCBuildConfiguration;
			buildSettings = {
				ASSETCATALOG_COMPILER_APPICON_NAME = AppIcon;
				INFOPLIST_FILE = MotionEyes/Info.plist;
				LD_RUNPATH_SEARCH_PATHS = "$(inherited) @executable_path/Frameworks";
				PRODUCT_BUNDLE_IDENTIFIER = com.quickmobile.MotionEyes;
				PRODUCT_NAME = "$(TARGET_NAME)";
			};
			name = Release;
		};
		87C11B911BC985C700B9A545 /* Debug */ = {
			isa = XCBuildConfiguration;
			buildSettings = {
				BUNDLE_LOADER = "$(TEST_HOST)";
				INFOPLIST_FILE = MotionEyesTests/Info.plist;
				LD_RUNPATH_SEARCH_PATHS = "$(inherited) @executable_path/Frameworks @loader_path/Frameworks";
				PRODUCT_BUNDLE_IDENTIFIER = com.quickmobile.MotionEyesTests;
				PRODUCT_NAME = "$(TARGET_NAME)";
				TEST_HOST = "$(BUILT_PRODUCTS_DIR)/MotionEyes.app/MotionEyes";
			};
			name = Debug;
		};
		87C11B921BC985C700B9A545 /* Release */ = {
			isa = XCBuildConfiguration;
			buildSettings = {
				BUNDLE_LOADER = "$(TEST_HOST)";
				INFOPLIST_FILE = MotionEyesTests/Info.plist;
				LD_RUNPATH_SEARCH_PATHS = "$(inherited) @executable_path/Frameworks @loader_path/Frameworks";
				PRODUCT_BUNDLE_IDENTIFIER = com.quickmobile.MotionEyesTests;
				PRODUCT_NAME = "$(TARGET_NAME)";
				TEST_HOST = "$(BUILT_PRODUCTS_DIR)/MotionEyes.app/MotionEyes";
			};
			name = Release;
		};
		87C11B941BC985C700B9A545 /* Debug */ = {
			isa = XCBuildConfiguration;
			buildSettings = {
				INFOPLIST_FILE = MotionEyesUITests/Info.plist;
				LD_RUNPATH_SEARCH_PATHS = "$(inherited) @executable_path/Frameworks @loader_path/Frameworks";
				PRODUCT_BUNDLE_IDENTIFIER = com.quickmobile.MotionEyesUITests;
				PRODUCT_NAME = "$(TARGET_NAME)";
				TEST_TARGET_NAME = MotionEyes;
				USES_XCTRUNNER = YES;
			};
			name = Debug;
		};
		87C11B951BC985C700B9A545 /* Release */ = {
			isa = XCBuildConfiguration;
			buildSettings = {
				INFOPLIST_FILE = MotionEyesUITests/Info.plist;
				LD_RUNPATH_SEARCH_PATHS = "$(inherited) @executable_path/Frameworks @loader_path/Frameworks";
				PRODUCT_BUNDLE_IDENTIFIER = com.quickmobile.MotionEyesUITests;
				PRODUCT_NAME = "$(TARGET_NAME)";
				TEST_TARGET_NAME = MotionEyes;
				USES_XCTRUNNER = YES;
			};
			name = Release;
		};
/* End XCBuildConfiguration section */

/* Begin XCConfigurationList section */
		87C11B581BC985C600B9A545 /* Build configuration list for PBXProject "MotionEyes" */ = {
			isa = XCConfigurationList;
			buildConfigurations = (
				87C11B8B1BC985C700B9A545 /* Debug */,
				87C11B8C1BC985C700B9A545 /* Release */,
			);
			defaultConfigurationIsVisible = 0;
			defaultConfigurationName = Release;
		};
		87C11B8D1BC985C700B9A545 /* Build configuration list for PBXNativeTarget "MotionEyes" */ = {
			isa = XCConfigurationList;
			buildConfigurations = (
				87C11B8E1BC985C700B9A545 /* Debug */,
				87C11B8F1BC985C700B9A545 /* Release */,
			);
			defaultConfigurationIsVisible = 0;
		};
		87C11B901BC985C700B9A545 /* Build configuration list for PBXNativeTarget "MotionEyesTests" */ = {
			isa = XCConfigurationList;
			buildConfigurations = (
				87C11B911BC985C700B9A545 /* Debug */,
				87C11B921BC985C700B9A545 /* Release */,
			);
			defaultConfigurationIsVisible = 0;
		};
		87C11B931BC985C700B9A545 /* Build configuration list for PBXNativeTarget "MotionEyesUITests" */ = {
			isa = XCConfigurationList;
			buildConfigurations = (
				87C11B941BC985C700B9A545 /* Debug */,
				87C11B951BC985C700B9A545 /* Release */,
			);
			defaultConfigurationIsVisible = 0;
		};
/* End XCConfigurationList section */

/* Begin XCVersionGroup section */
		87C11B6C1BC985C700B9A545 /* MotionEyes.xcdatamodeld */ = {
			isa = XCVersionGroup;
			children = (
				87C11B6D1BC985C700B9A545 /* MotionEyes.xcdatamodel */,
			);
			currentVersion = 87C11B6D1BC985C700B9A545 /* MotionEyes.xcdatamodel */;
			path = MotionEyes.xcdatamodeld;
			sourceTree = "<group>";
			versionGroupType = wrapper.xcdatamodel;
		};
/* End XCVersionGroup section */
	};
	rootObject = 87C11B551BC985C600B9A545 /* Project object */;
}
